
Microsoft Visual Studio Solution File, Format Version 12.00
# Visual Studio Version 17
VisualStudioVersion = 17.4.33205.214
MinimumVisualStudioVersion = 10.0.40219.1
Project("{FAE04EC0-301F-11D3-BF4B-00C04F79EFBC}") = "DZ_c_dies_778", "DZ_c_dies_778\DZ_c_dies_778.csproj", "{E096E705-2FEF-4AF9-88E7-DE79CC47A2D6}"
EndProject
Global
	GlobalSection(SolutionConfigurationPlatforms) = preSolution
		Debug|Any CPU = Debug|Any CPU
		Release|Any CPU = Release|Any CPU
	EndGlobalSection
	GlobalSection(ProjectConfigurationPlatforms) = postSolution
		{E096E705-2FEF-4AF9-88E7-DE79CC47A2D6}.Debug|Any CPU.ActiveCfg = Debug|Any CPU
		{E096E705-2FEF-4AF9-88E7-DE79CC47A2D6}.Debug|Any CPU.Build.0 = Debug|Any CPU
		{E096E705-2FEF-4AF9-88E7-DE79CC47A2D6}.Release|Any CPU.ActiveCfg = Release|Any CPU
		{E096E705-2FEF-4AF9-88E7-DE79CC47A2D6}.Release|Any CPU.Build.0 = Release|Any CPU
	EndGlobalSection
	GlobalSection(SolutionProperties) = preSolution
		HideSolutionNode = FALSE
	EndGlobalSection
	GlobalSection(ExtensibilityGlobals) = postSolution
		SolutionGuid = {2940B22E-0404-4A4C-8CA7-2949B3FC31BF}
	EndGlobalSection
EndGlobal
